
Microsoft Visual Studio Solution File, Format Version 12.00
# Visual Studio Version 17
VisualStudioVersion = 17.7.34221.43
MinimumVisualStudioVersion = 10.0.40219.1
Project("{FAE04EC0-301F-11D3-BF4B-00C04F79EFBC}") = "VS.OEE", "VS.OEE\VS.OEE.csproj", "{0AE306B0-160A-4C32-93BB-1A49BB6F0969}"
EndProject
Project("{FAE04EC0-301F-11D3-BF4B-00C04F79EFBC}") = "Commons", "..\02.Common\Common\Commons.csproj", "{375704A9-BA2D-4325-AA66-2FDD8EE246CA}"
EndProject
Global
	GlobalSection(SolutionConfigurationPlatforms) = preSolution
		Debug|Any CPU = Debug|Any CPU
		Release|Any CPU = Release|Any CPU
	EndGlobalSection
	GlobalSection(ProjectConfigurationPlatforms) = postSolution
		{0AE306B0-160A-4C32-93BB-1A49BB6F0969}.Debug|Any CPU.ActiveCfg = Debug|Any CPU
		{0AE306B0-160A-4C32-93BB-1A49BB6F0969}.Debug|Any CPU.Build.0 = Debug|Any CPU
		{0AE306B0-160A-4C32-93BB-1A49BB6F0969}.Release|Any CPU.ActiveCfg = Release|Any CPU
		{0AE306B0-160A-4C32-93BB-1A49BB6F0969}.Release|Any CPU.Build.0 = Release|Any CPU
		{375704A9-BA2D-4325-AA66-2FDD8EE246CA}.Debug|Any CPU.ActiveCfg = Debug|Any CPU
		{375704A9-BA2D-4325-AA66-2FDD8EE246CA}.Debug|Any CPU.Build.0 = Debug|Any CPU
		{375704A9-BA2D-4325-AA66-2FDD8EE246CA}.Release|Any CPU.ActiveCfg = Release|Any CPU
		{375704A9-BA2D-4325-AA66-2FDD8EE246CA}.Release|Any CPU.Build.0 = Release|Any CPU
	EndGlobalSection
	GlobalSection(SolutionProperties) = preSolution
		HideSolutionNode = FALSE
	EndGlobalSection
	GlobalSection(ExtensibilityGlobals) = postSolution
		SolutionGuid = {8647235D-BCF9-4845-989B-57D68F513D71}
	EndGlobalSection
EndGlobal
