
Microsoft Visual Studio Solution File, Format Version 12.00
# Visual Studio Version 16
VisualStudioVersion = 16.0.31911.196
MinimumVisualStudioVersion = 10.0.40219.1
Project("{FAE04EC0-301F-11D3-BF4B-00C04F79EFBC}") = "OEE", "OEE\OEE.csproj", "{37B70A76-B621-454C-A51E-242C66D12B0B}"
EndProject
Global
	GlobalSection(SolutionConfigurationPlatforms) = preSolution
		Debug|Any CPU = Debug|Any CPU
		Release|Any CPU = Release|Any CPU
	EndGlobalSection
	GlobalSection(ProjectConfigurationPlatforms) = postSolution
		{37B70A76-B621-454C-A51E-242C66D12B0B}.Debug|Any CPU.ActiveCfg = Debug|Any CPU
		{37B70A76-B621-454C-A51E-242C66D12B0B}.Debug|Any CPU.Build.0 = Debug|Any CPU
		{37B70A76-B621-454C-A51E-242C66D12B0B}.Release|Any CPU.ActiveCfg = Release|Any CPU
		{37B70A76-B621-454C-A51E-242C66D12B0B}.Release|Any CPU.Build.0 = Release|Any CPU
	EndGlobalSection
	GlobalSection(SolutionProperties) = preSolution
		HideSolutionNode = FALSE
	EndGlobalSection
	GlobalSection(ExtensibilityGlobals) = postSolution
		SolutionGuid = {970AE7AB-987C-4A31-8C7A-ACA416428EEA}
	EndGlobalSection
EndGlobal
