
Microsoft Visual Studio Solution File, Format Version 12.00
# Visual Studio 15
VisualStudioVersion = 15.0.28010.2046
MinimumVisualStudioVersion = 10.0.40219.1
Project("{FAE04EC0-301F-11D3-BF4B-00C04F79EFBC}") = "Ecomaint.Api", "Ecomaint.Api\Ecomaint.Api.csproj", "{A1334988-C8DF-4472-8F21-B8275DAF90F4}"
EndProject
Global
	GlobalSection(SolutionConfigurationPlatforms) = preSolution
		Debug|Any CPU = Debug|Any CPU
		Release|Any CPU = Release|Any CPU
	EndGlobalSection
	GlobalSection(ProjectConfigurationPlatforms) = postSolution
		{A1334988-C8DF-4472-8F21-B8275DAF90F4}.Debug|Any CPU.ActiveCfg = Debug|Any CPU
		{A1334988-C8DF-4472-8F21-B8275DAF90F4}.Debug|Any CPU.Build.0 = Debug|Any CPU
		{A1334988-C8DF-4472-8F21-B8275DAF90F4}.Release|Any CPU.ActiveCfg = Release|Any CPU
		{A1334988-C8DF-4472-8F21-B8275DAF90F4}.Release|Any CPU.Build.0 = Release|Any CPU
	EndGlobalSection
	GlobalSection(SolutionProperties) = preSolution
		HideSolutionNode = FALSE
	EndGlobalSection
	GlobalSection(ExtensibilityGlobals) = postSolution
		SolutionGuid = {26E63B3A-9555-48ED-A97E-DC26EEBF4664}
	EndGlobalSection
EndGlobal
